// !$*UTF8*$!
{
	archiveVersion = 1;
	classes = {
	};
	objectVersion = 77;
	objects = {

/* Begin PBXContainerItemProxy section */
		92D94ACD2E97A94D008AD7D6 /* PBXContainerItemProxy */ = {
			isa = PBXContainerItemProxy;
			containerPortal = 92D94AAE2E97A94C008AD7D6 /* Project object */;
			proxyType = 1;
			remoteGlobalIDString = 92D94AB52E97A94C008AD7D6;
			remoteInfo = Test_1;
		};
		92D94AD72E97A94D008AD7D6 /* PBXContainerItemProxy */ = {
			isa = PBXContainerItemProxy;
			containerPortal = 92D94AAE2E97A94C008AD7D6 /* Project object */;
			proxyType = 1;
			remoteGlobalIDString = 92D94AB52E97A94C008AD7D6;
			remoteInfo = Test_1;
		};
/* End PBXContainerItemProxy section */

/* Begin PBXFileReference section */
		92507CC22E9F7BED00E3B4FB /* TransactionsViewerTests.xctestplan */ = {isa = PBXFileReference; lastKnownFileType = text; path = TransactionsViewerTests.xctestplan; sourceTree = "<group>"; };
		92D94AB62E97A94C008AD7D6 /* TransactionsViewer.app */ = {isa = PBXFileReference; explicitFileType = wrapper.application; includeInIndex = 0; path = TransactionsViewer.app; sourceTree = BUILT_PRODUCTS_DIR; };
		92D94ACC2E97A94D008AD7D6 /* TransactionsViewerTests.xctest */ = {isa = PBXFileReference; explicitFileType = wrapper.cfbundle; includeInIndex = 0; path = TransactionsViewerTests.xctest; sourceTree = BUILT_PRODUCTS_DIR; };
		92D94AD62E97A94D008AD7D6 /* TransactionsViewerUITests.xctest */ = {isa = PBXFileReference; explicitFileType = wrapper.cfbundle; includeInIndex = 0; path = TransactionsViewerUITests.xctest; sourceTree = BUILT_PRODUCTS_DIR; };
		92E002212E9F7BDA006F0297 /* TransactionsViewer.xctestplan */ = {isa = PBXFileReference; lastKnownFileType = text; path = TransactionsViewer.xctestplan; sourceTree = "<group>"; };
/* End PBXFileReference section */

/* Begin PBXFileSystemSynchronizedBuildFileExceptionSet section */
		92D94ADE2E97A94D008AD7D6 /* Exceptions for "TransactionsViewer" folder in "TransactionsViewer" target */ = {
			isa = PBXFileSystemSynchronizedBuildFileExceptionSet;
			membershipExceptions = (
				Info.plist,
			);
			target = 92D94AB52E97A94C008AD7D6 /* TransactionsViewer */;
		};
/* End PBXFileSystemSynchronizedBuildFileExceptionSet section */

/* Begin PBXFileSystemSynchronizedRootGroup section */
		92D94AB82E97A94C008AD7D6 /* TransactionsViewer */ = {
			isa = PBXFileSystemSynchronizedRootGroup;
			exceptions = (
				92D94ADE2E97A94D008AD7D6 /* Exceptions for "TransactionsViewer" folder in "TransactionsViewer" target */,
			);
			path = TransactionsViewer;
			sourceTree = "<group>";
		};
		92D94ACF2E97A94D008AD7D6 /* TransactionsViewerTests */ = {
			isa = PBXFileSystemSynchronizedRootGroup;
			path = TransactionsViewerTests;
			sourceTree = "<group>";
		};
		92D96B322E9D226D00748C65 /* Resources */ = {
			isa = PBXFileSystemSynchronizedRootGroup;
			path = Resources;
			sourceTree = "<group>";
		};
/* End PBXFileSystemSynchronizedRootGroup section */

/* Begin PBXFrameworksBuildPhase section */
		92D94AB32E97A94C008AD7D6 /* Frameworks */ = {
			isa = PBXFrameworksBuildPhase;
			buildActionMask = 2147483647;
			files = (
			);
			runOnlyForDeploymentPostprocessing = 0;
		};
		92D94AC92E97A94D008AD7D6 /* Frameworks */ = {
			isa = PBXFrameworksBuildPhase;
			buildActionMask = 2147483647;
			files = (
			);
			runOnlyForDeploymentPostprocessing = 0;
		};
		92D94AD32E97A94D008AD7D6 /* Frameworks */ = {
			isa = PBXFrameworksBuildPhase;
			buildActionMask = 2147483647;
			files = (
			);
			runOnlyForDeploymentPostprocessing = 0;
		};
/* End PBXFrameworksBuildPhase section */

/* Begin PBXGroup section */
		92D94AAD2E97A94C008AD7D6 = {
			isa = PBXGroup;
			children = (
				92507CC22E9F7BED00E3B4FB /* TransactionsViewerTests.xctestplan */,
				92E002212E9F7BDA006F0297 /* TransactionsViewer.xctestplan */,
				92D96B322E9D226D00748C65 /* Resources */,
				92D94AB82E97A94C008AD7D6 /* TransactionsViewer */,
				92D94ACF2E97A94D008AD7D6 /* TransactionsViewerTests */,
				92D94AB72E97A94C008AD7D6 /* Products */,
			);
			sourceTree = "<group>";
		};
		92D94AB72E97A94C008AD7D6 /* Products */ = {
			isa = PBXGroup;
			children = (
				92D94AB62E97A94C008AD7D6 /* TransactionsViewer.app */,
				92D94ACC2E97A94D008AD7D6 /* TransactionsViewerTests.xctest */,
				92D94AD62E97A94D008AD7D6 /* TransactionsViewerUITests.xctest */,
			);
			name = Products;
			sourceTree = "<group>";
		};
/* End PBXGroup section */

/* Begin PBXNativeTarget section */
		92D94AB52E97A94C008AD7D6 /* TransactionsViewer */ = {
			isa = PBXNativeTarget;
			buildConfigurationList = 92D94ADF2E97A94D008AD7D6 /* Build configuration list for PBXNativeTarget "TransactionsViewer" */;
			buildPhases = (
				92D94AB22E97A94C008AD7D6 /* Sources */,
				92D94AB32E97A94C008AD7D6 /* Frameworks */,
				92D94AB42E97A94C008AD7D6 /* Resources */,
				92D96AEB2E9CCEB400748C65 /* ShellScript */,
			);
			buildRules = (
			);
			dependencies = (
			);
			fileSystemSynchronizedGroups = (
				92D94AB82E97A94C008AD7D6 /* TransactionsViewer */,
				92D96B322E9D226D00748C65 /* Resources */,
			);
			name = TransactionsViewer;
			packageProductDependencies = (
			);
			productName = Test_1;
			productReference = 92D94AB62E97A94C008AD7D6 /* TransactionsViewer.app */;
			productType = "com.apple.product-type.application";
		};
		92D94ACB2E97A94D008AD7D6 /* TransactionsViewerTests */ = {
			isa = PBXNativeTarget;
			buildConfigurationList = 92D94AE42E97A94D008AD7D6 /* Build configuration list for PBXNativeTarget "TransactionsViewerTests" */;
			buildPhases = (
				92D94AC82E97A94D008AD7D6 /* Sources */,
				92D94AC92E97A94D008AD7D6 /* Frameworks */,
				92D94ACA2E97A94D008AD7D6 /* Resources */,
			);
			buildRules = (
			);
			dependencies = (
				92D94ACE2E97A94D008AD7D6 /* PBXTargetDependency */,
			);
			fileSystemSynchronizedGroups = (
				92D94ACF2E97A94D008AD7D6 /* TransactionsViewerTests */,
			);
			name = TransactionsViewerTests;
			packageProductDependencies = (
			);
			productName = Test_1Tests;
			productReference = 92D94ACC2E97A94D008AD7D6 /* TransactionsViewerTests.xctest */;
			productType = "com.apple.product-type.bundle.unit-test";
		};
		92D94AD52E97A94D008AD7D6 /* TransactionsViewerUITests */ = {
			isa = PBXNativeTarget;
			buildConfigurationList = 92D94AE72E97A94D008AD7D6 /* Build configuration list for PBXNativeTarget "TransactionsViewerUITests" */;
			buildPhases = (
				92D94AD22E97A94D008AD7D6 /* Sources */,
				92D94AD32E97A94D008AD7D6 /* Frameworks */,
				92D94AD42E97A94D008AD7D6 /* Resources */,
			);
			buildRules = (
			);
			dependencies = (
				92D94AD82E97A94D008AD7D6 /* PBXTargetDependency */,
			);
			name = TransactionsViewerUITests;
			packageProductDependencies = (
			);
			productName = Test_1UITests;
			productReference = 92D94AD62E97A94D008AD7D6 /* TransactionsViewerUITests.xctest */;
			productType = "com.apple.product-type.bundle.ui-testing";
		};
/* End PBXNativeTarget section */

/* Begin PBXProject section */
		92D94AAE2E97A94C008AD7D6 /* Project object */ = {
			isa = PBXProject;
			attributes = {
				BuildIndependentTargetsInParallel = 1;
				LastSwiftUpdateCheck = 1630;
				LastUpgradeCheck = 1630;
				TargetAttributes = {
					92D94AB52E97A94C008AD7D6 = {
						CreatedOnToolsVersion = 16.3;
					};
					92D94ACB2E97A94D008AD7D6 = {
						CreatedOnToolsVersion = 16.3;
						TestTargetID = 92D94AB52E97A94C008AD7D6;
					};
					92D94AD52E97A94D008AD7D6 = {
						CreatedOnToolsVersion = 16.3;
						TestTargetID = 92D94AB52E97A94C008AD7D6;
					};
				};
			};
			buildConfigurationList = 92D94AB12E97A94C008AD7D6 /* Build configuration list for PBXProject "TransactionsViewer" */;
			developmentRegion = en;
			hasScannedForEncodings = 0;
			knownRegions = (
				en,
				Base,
			);
			mainGroup = 92D94AAD2E97A94C008AD7D6;
			minimizedProjectReferenceProxies = 1;
			preferredProjectObjectVersion = 77;
			productRefGroup = 92D94AB72E97A94C008AD7D6 /* Products */;
			projectDirPath = "";
			projectRoot = "";
			targets = (
				92D94AB52E97A94C008AD7D6 /* TransactionsViewer */,
				92D94ACB2E97A94D008AD7D6 /* TransactionsViewerTests */,
				92D94AD52E97A94D008AD7D6 /* TransactionsViewerUITests */,
			);
		};
/* End PBXProject section */

/* Begin PBXResourcesBuildPhase section */
		92D94AB42E97A94C008AD7D6 /* Resources */ = {
			isa = PBXResourcesBuildPhase;
			buildActionMask = 2147483647;
			files = (
			);
			runOnlyForDeploymentPostprocessing = 0;
		};
		92D94ACA2E97A94D008AD7D6 /* Resources */ = {
			isa = PBXResourcesBuildPhase;
			buildActionMask = 2147483647;
			files = (
			);
			runOnlyForDeploymentPostprocessing = 0;
		};
		92D94AD42E97A94D008AD7D6 /* Resources */ = {
			isa = PBXResourcesBuildPhase;
			buildActionMask = 2147483647;
			files = (
			);
			runOnlyForDeploymentPostprocessing = 0;
		};
/* End PBXResourcesBuildPhase section */

/* Begin PBXShellScriptBuildPhase section */
		92D96AEB2E9CCEB400748C65 /* ShellScript */ = {
			isa = PBXShellScriptBuildPhase;
			alwaysOutOfDate = 1;
			buildActionMask = 2147483647;
			files = (
			);
			inputFileListPaths = (
			);
			inputPaths = (
			);
			outputFileListPaths = (
			);
			outputPaths = (
			);
			runOnlyForDeploymentPostprocessing = 0;
			shellPath = /bin/sh;
			shellScript = "set -euo pipefail\n\n# Безусловно добавляем brew-пути (POSIX-совместимо)\nexport PATH=\"/opt/homebrew/bin:/usr/local/bin:$PATH\"\n\necho \"swiftlint: $(command -v swiftlint || echo 'not found')\"\necho \"swift-format: $(command -v swift-format || echo 'not found')\"\n\nif command -v swiftlint >/dev/null 2>&1; then\n  swiftlint --fix || true\n  swiftlint\nelse\n  echo \"warning: SwiftLint not installed (brew install swiftlint)\"\nfi\n\nif command -v swift-format >/dev/null 2>&1; then\n  swift-format format -i -r \"${SRCROOT}\" --configuration \"${SRCROOT}/.swift-format\"\nelse\n  echo \"warning: swift-format not installed (brew install swift-format)\"\nfi\n";
			showEnvVarsInLog = 0;
		};
/* End PBXShellScriptBuildPhase section */

/* Begin PBXSourcesBuildPhase section */
		92D94AB22E97A94C008AD7D6 /* Sources */ = {
			isa = PBXSourcesBuildPhase;
			buildActionMask = 2147483647;
			files = (
			);
			runOnlyForDeploymentPostprocessing = 0;
		};
		92D94AC82E97A94D008AD7D6 /* Sources */ = {
			isa = PBXSourcesBuildPhase;
			buildActionMask = 2147483647;
			files = (
			);
			runOnlyForDeploymentPostprocessing = 0;
		};
		92D94AD22E97A94D008AD7D6 /* Sources */ = {
			isa = PBXSourcesBuildPhase;
			buildActionMask = 2147483647;
			files = (
			);
			runOnlyForDeploymentPostprocessing = 0;
		};
/* End PBXSourcesBuildPhase section */

/* Begin PBXTargetDependency section */
		92D94ACE2E97A94D008AD7D6 /* PBXTargetDependency */ = {
			isa = PBXTargetDependency;
			target = 92D94AB52E97A94C008AD7D6 /* TransactionsViewer */;
			targetProxy = 92D94ACD2E97A94D008AD7D6 /* PBXContainerItemProxy */;
		};
		92D94AD82E97A94D008AD7D6 /* PBXTargetDependency */ = {
			isa = PBXTargetDependency;
			target = 92D94AB52E97A94C008AD7D6 /* TransactionsViewer */;
			targetProxy = 92D94AD72E97A94D008AD7D6 /* PBXContainerItemProxy */;
		};
/* End PBXTargetDependency section */

/* Begin XCBuildConfiguration section */
		92D94AE02E97A94D008AD7D6 /* Debug */ = {
			isa = XCBuildConfiguration;
			buildSettings = {
				ASSETCATALOG_COMPILER_APPICON_NAME = AppIcon;
				ASSETCATALOG_COMPILER_GLOBAL_ACCENT_COLOR_NAME = AccentColor;
				CODE_SIGN_STYLE = Automatic;
				CURRENT_PROJECT_VERSION = 1;
				DEVELOPMENT_TEAM = 9B8XD4TU34;
				GENERATE_INFOPLIST_FILE = YES;
				INFOPLIST_FILE = TransactionsViewer/Info.plist;
				INFOPLIST_KEY_UIApplicationSupportsIndirectInputEvents = YES;
				INFOPLIST_KEY_UILaunchStoryboardName = LaunchScreen;
				INFOPLIST_KEY_UISupportedInterfaceOrientations_iPad = "UIInterfaceOrientationPortrait UIInterfaceOrientationPortraitUpsideDown UIInterfaceOrientationLandscapeLeft UIInterfaceOrientationLandscapeRight";
				INFOPLIST_KEY_UISupportedInterfaceOrientations_iPhone = "UIInterfaceOrientationPortrait UIInterfaceOrientationLandscapeLeft UIInterfaceOrientationLandscapeRight";
				LD_RUNPATH_SEARCH_PATHS = (
					"$(inherited)",
					"@executable_path/Frameworks",
				);
				MARKETING_VERSION = 1.0;
				PRODUCT_BUNDLE_IDENTIFIER = "Ko8e-Kenobi.Test-1";
				PRODUCT_NAME = "$(TARGET_NAME)";
				SWIFT_EMIT_LOC_STRINGS = YES;
				SWIFT_VERSION = 5.0;
				TARGETED_DEVICE_FAMILY = "1,2";
			};
			name = Debug;
		};
		92D94AE12E97A94D008AD7D6 /* Release */ = {
			isa = XCBuildConfiguration;
			buildSettings = {
				ASSETCATALOG_COMPILER_APPICON_NAME = AppIcon;
				ASSETCATALOG_COMPILER_GLOBAL_ACCENT_COLOR_NAME = AccentColor;
				CODE_SIGN_STYLE = Automatic;
				CURRENT_PROJECT_VERSION = 1;
				DEVELOPMENT_TEAM = 9B8XD4TU34;
				GENERATE_INFOPLIST_FILE = YES;
				INFOPLIST_FILE = TransactionsViewer/Info.plist;
				INFOPLIST_KEY_UIApplicationSupportsIndirectInputEvents = YES;
				INFOPLIST_KEY_UILaunchStoryboardName = LaunchScreen;
				INFOPLIST_KEY_UISupportedInterfaceOrientations_iPad = "UIInterfaceOrientationPortrait UIInterfaceOrientationPortraitUpsideDown UIInterfaceOrientationLandscapeLeft UIInterfaceOrientationLandscapeRight";
				INFOPLIST_KEY_UISupportedInterfaceOrientations_iPhone = "UIInterfaceOrientationPortrait UIInterfaceOrientationLandscapeLeft UIInterfaceOrientationLandscapeRight";
				LD_RUNPATH_SEARCH_PATHS = (
					"$(inherited)",
					"@executable_path/Frameworks",
				);
				MARKETING_VERSION = 1.0;
				PRODUCT_BUNDLE_IDENTIFIER = "Ko8e-Kenobi.Test-1";
				PRODUCT_NAME = "$(TARGET_NAME)";
				SWIFT_EMIT_LOC_STRINGS = YES;
				SWIFT_VERSION = 5.0;
				TARGETED_DEVICE_FAMILY = "1,2";
			};
			name = Release;
		};
		92D94AE22E97A94D008AD7D6 /* Debug */ = {
			isa = XCBuildConfiguration;
			buildSettings = {
				ALWAYS_SEARCH_USER_PATHS = NO;
				ASSETCATALOG_COMPILER_GENERATE_SWIFT_ASSET_SYMBOL_EXTENSIONS = YES;
				CLANG_ANALYZER_NONNULL = YES;
				CLANG_ANALYZER_NUMBER_OBJECT_CONVERSION = YES_AGGRESSIVE;
				CLANG_CXX_LANGUAGE_STANDARD = "gnu++20";
				CLANG_ENABLE_MODULES = YES;
				CLANG_ENABLE_OBJC_ARC = YES;
				CLANG_ENABLE_OBJC_WEAK = YES;
				CLANG_WARN_BLOCK_CAPTURE_AUTORELEASING = YES;
				CLANG_WARN_BOOL_CONVERSION = YES;
				CLANG_WARN_COMMA = YES;
				CLANG_WARN_CONSTANT_CONVERSION = YES;
				CLANG_WARN_DEPRECATED_OBJC_IMPLEMENTATIONS = YES;
				CLANG_WARN_DIRECT_OBJC_ISA_USAGE = YES_ERROR;
				CLANG_WARN_DOCUMENTATION_COMMENTS = YES;
				CLANG_WARN_EMPTY_BODY = YES;
				CLANG_WARN_ENUM_CONVERSION = YES;
				CLANG_WARN_INFINITE_RECURSION = YES;
				CLANG_WARN_INT_CONVERSION = YES;
				CLANG_WARN_NON_LITERAL_NULL_CONVERSION = YES;
				CLANG_WARN_OBJC_IMPLICIT_RETAIN_SELF = YES;
				CLANG_WARN_OBJC_LITERAL_CONVERSION = YES;
				CLANG_WARN_OBJC_ROOT_CLASS = YES_ERROR;
				CLANG_WARN_QUOTED_INCLUDE_IN_FRAMEWORK_HEADER = YES;
				CLANG_WARN_RANGE_LOOP_ANALYSIS = YES;
				CLANG_WARN_STRICT_PROTOTYPES = YES;
				CLANG_WARN_SUSPICIOUS_MOVE = YES;
				CLANG_WARN_UNGUARDED_AVAILABILITY = YES_AGGRESSIVE;
				CLANG_WARN_UNREACHABLE_CODE = YES;
				CLANG_WARN__DUPLICATE_METHOD_MATCH = YES;
				COPY_PHASE_STRIP = NO;
				DEBUG_INFORMATION_FORMAT = dwarf;
				DEVELOPMENT_TEAM = 9B8XD4TU34;
				ENABLE_STRICT_OBJC_MSGSEND = YES;
				ENABLE_TESTABILITY = YES;
				ENABLE_USER_SCRIPT_SANDBOXING = NO;
				GCC_C_LANGUAGE_STANDARD = gnu17;
				GCC_DYNAMIC_NO_PIC = NO;
				GCC_NO_COMMON_BLOCKS = YES;
				GCC_OPTIMIZATION_LEVEL = 0;
				GCC_PREPROCESSOR_DEFINITIONS = (
					"DEBUG=1",
					"$(inherited)",
				);
				GCC_WARN_64_TO_32_BIT_CONVERSION = YES;
				GCC_WARN_ABOUT_RETURN_TYPE = YES_ERROR;
				GCC_WARN_UNDECLARED_SELECTOR = YES;
				GCC_WARN_UNINITIALIZED_AUTOS = YES_AGGRESSIVE;
				GCC_WARN_UNUSED_FUNCTION = YES;
				GCC_WARN_UNUSED_VARIABLE = YES;
				IPHONEOS_DEPLOYMENT_TARGET = 18.4;
				LOCALIZATION_PREFERS_STRING_CATALOGS = YES;
				MTL_ENABLE_DEBUG_INFO = INCLUDE_SOURCE;
				MTL_FAST_MATH = YES;
				ONLY_ACTIVE_ARCH = YES;
				SDKROOT = iphoneos;
				SWIFT_ACTIVE_COMPILATION_CONDITIONS = "DEBUG $(inherited)";
				SWIFT_OPTIMIZATION_LEVEL = "-Onone";
			};
			name = Debug;
		};
		92D94AE32E97A94D008AD7D6 /* Release */ = {
			isa = XCBuildConfiguration;
			buildSettings = {
				ALWAYS_SEARCH_USER_PATHS = NO;
				ASSETCATALOG_COMPILER_GENERATE_SWIFT_ASSET_SYMBOL_EXTENSIONS = YES;
				CLANG_ANALYZER_NONNULL = YES;
				CLANG_ANALYZER_NUMBER_OBJECT_CONVERSION = YES_AGGRESSIVE;
				CLANG_CXX_LANGUAGE_STANDARD = "gnu++20";
				CLANG_ENABLE_MODULES = YES;
				CLANG_ENABLE_OBJC_ARC = YES;
				CLANG_ENABLE_OBJC_WEAK = YES;
				CLANG_WARN_BLOCK_CAPTURE_AUTORELEASING = YES;
				CLANG_WARN_BOOL_CONVERSION = YES;
				CLANG_WARN_COMMA = YES;
				CLANG_WARN_CONSTANT_CONVERSION = YES;
				CLANG_WARN_DEPRECATED_OBJC_IMPLEMENTATIONS = YES;
				CLANG_WARN_DIRECT_OBJC_ISA_USAGE = YES_ERROR;
				CLANG_WARN_DOCUMENTATION_COMMENTS = YES;
				CLANG_WARN_EMPTY_BODY = YES;
				CLANG_WARN_ENUM_CONVERSION = YES;
				CLANG_WARN_INFINITE_RECURSION = YES;
				CLANG_WARN_INT_CONVERSION = YES;
				CLANG_WARN_NON_LITERAL_NULL_CONVERSION = YES;
				CLANG_WARN_OBJC_IMPLICIT_RETAIN_SELF = YES;
				CLANG_WARN_OBJC_LITERAL_CONVERSION = YES;
				CLANG_WARN_OBJC_ROOT_CLASS = YES_ERROR;
				CLANG_WARN_QUOTED_INCLUDE_IN_FRAMEWORK_HEADER = YES;
				CLANG_WARN_RANGE_LOOP_ANALYSIS = YES;
				CLANG_WARN_STRICT_PROTOTYPES = YES;
				CLANG_WARN_SUSPICIOUS_MOVE = YES;
				CLANG_WARN_UNGUARDED_AVAILABILITY = YES_AGGRESSIVE;
				CLANG_WARN_UNREACHABLE_CODE = YES;
				CLANG_WARN__DUPLICATE_METHOD_MATCH = YES;
				COPY_PHASE_STRIP = NO;
				DEBUG_INFORMATION_FORMAT = "dwarf-with-dsym";
				DEVELOPMENT_TEAM = 9B8XD4TU34;
				ENABLE_NS_ASSERTIONS = NO;
				ENABLE_STRICT_OBJC_MSGSEND = YES;
				ENABLE_USER_SCRIPT_SANDBOXING = NO;
				GCC_C_LANGUAGE_STANDARD = gnu17;
				GCC_NO_COMMON_BLOCKS = YES;
				GCC_WARN_64_TO_32_BIT_CONVERSION = YES;
				GCC_WARN_ABOUT_RETURN_TYPE = YES_ERROR;
				GCC_WARN_UNDECLARED_SELECTOR = YES;
				GCC_WARN_UNINITIALIZED_AUTOS = YES_AGGRESSIVE;
				GCC_WARN_UNUSED_FUNCTION = YES;
				GCC_WARN_UNUSED_VARIABLE = YES;
				IPHONEOS_DEPLOYMENT_TARGET = 18.4;
				LOCALIZATION_PREFERS_STRING_CATALOGS = YES;
				MTL_ENABLE_DEBUG_INFO = NO;
				MTL_FAST_MATH = YES;
				SDKROOT = iphoneos;
				SWIFT_COMPILATION_MODE = wholemodule;
				VALIDATE_PRODUCT = YES;
			};
			name = Release;
		};
		92D94AE52E97A94D008AD7D6 /* Debug */ = {
			isa = XCBuildConfiguration;
			buildSettings = {
				BUNDLE_LOADER = "$(TEST_HOST)";
				CODE_SIGN_STYLE = Automatic;
				CURRENT_PROJECT_VERSION = 1;
				DEVELOPMENT_TEAM = 9B8XD4TU34;
				GENERATE_INFOPLIST_FILE = YES;
				IPHONEOS_DEPLOYMENT_TARGET = 18.4;
				MARKETING_VERSION = 1.0;
				PRODUCT_BUNDLE_IDENTIFIER = "Ko8e-Kenobi.Test-1Tests";
				PRODUCT_NAME = "$(TARGET_NAME)";
				SWIFT_EMIT_LOC_STRINGS = NO;
				SWIFT_VERSION = 5.0;
				TARGETED_DEVICE_FAMILY = "1,2";
				TEST_HOST = "$(BUILT_PRODUCTS_DIR)/TransactionsViewer.app/$(BUNDLE_EXECUTABLE_FOLDER_PATH)/TransactionsViewer";
			};
			name = Debug;
		};
		92D94AE62E97A94D008AD7D6 /* Release */ = {
			isa = XCBuildConfiguration;
			buildSettings = {
				BUNDLE_LOADER = "$(TEST_HOST)";
				CODE_SIGN_STYLE = Automatic;
				CURRENT_PROJECT_VERSION = 1;
				DEVELOPMENT_TEAM = 9B8XD4TU34;
				GENERATE_INFOPLIST_FILE = YES;
				IPHONEOS_DEPLOYMENT_TARGET = 18.4;
				MARKETING_VERSION = 1.0;
				PRODUCT_BUNDLE_IDENTIFIER = "Ko8e-Kenobi.Test-1Tests";
				PRODUCT_NAME = "$(TARGET_NAME)";
				SWIFT_EMIT_LOC_STRINGS = NO;
				SWIFT_VERSION = 5.0;
				TARGETED_DEVICE_FAMILY = "1,2";
				TEST_HOST = "$(BUILT_PRODUCTS_DIR)/TransactionsViewer.app/$(BUNDLE_EXECUTABLE_FOLDER_PATH)/TransactionsViewer";
			};
			name = Release;
		};
		92D94AE82E97A94D008AD7D6 /* Debug */ = {
			isa = XCBuildConfiguration;
			buildSettings = {
				CODE_SIGN_STYLE = Automatic;
				CURRENT_PROJECT_VERSION = 1;
				DEVELOPMENT_TEAM = 9B8XD4TU34;
				GENERATE_INFOPLIST_FILE = YES;
				MARKETING_VERSION = 1.0;
				PRODUCT_BUNDLE_IDENTIFIER = "Ko8e-Kenobi.Test-1UITests";
				PRODUCT_NAME = "$(TARGET_NAME)";
				SWIFT_EMIT_LOC_STRINGS = NO;
				SWIFT_VERSION = 5.0;
				TARGETED_DEVICE_FAMILY = "1,2";
				TEST_TARGET_NAME = Test_1;
			};
			name = Debug;
		};
		92D94AE92E97A94D008AD7D6 /* Release */ = {
			isa = XCBuildConfiguration;
			buildSettings = {
				CODE_SIGN_STYLE = Automatic;
				CURRENT_PROJECT_VERSION = 1;
				DEVELOPMENT_TEAM = 9B8XD4TU34;
				GENERATE_INFOPLIST_FILE = YES;
				MARKETING_VERSION = 1.0;
				PRODUCT_BUNDLE_IDENTIFIER = "Ko8e-Kenobi.Test-1UITests";
				PRODUCT_NAME = "$(TARGET_NAME)";
				SWIFT_EMIT_LOC_STRINGS = NO;
				SWIFT_VERSION = 5.0;
				TARGETED_DEVICE_FAMILY = "1,2";
				TEST_TARGET_NAME = Test_1;
			};
			name = Release;
		};
/* End XCBuildConfiguration section */

/* Begin XCConfigurationList section */
		92D94AB12E97A94C008AD7D6 /* Build configuration list for PBXProject "TransactionsViewer" */ = {
			isa = XCConfigurationList;
			buildConfigurations = (
				92D94AE22E97A94D008AD7D6 /* Debug */,
				92D94AE32E97A94D008AD7D6 /* Release */,
			);
			defaultConfigurationIsVisible = 0;
			defaultConfigurationName = Release;
		};
		92D94ADF2E97A94D008AD7D6 /* Build configuration list for PBXNativeTarget "TransactionsViewer" */ = {
			isa = XCConfigurationList;
			buildConfigurations = (
				92D94AE02E97A94D008AD7D6 /* Debug */,
				92D94AE12E97A94D008AD7D6 /* Release */,
			);
			defaultConfigurationIsVisible = 0;
			defaultConfigurationName = Release;
		};
		92D94AE42E97A94D008AD7D6 /* Build configuration list for PBXNativeTarget "TransactionsViewerTests" */ = {
			isa = XCConfigurationList;
			buildConfigurations = (
				92D94AE52E97A94D008AD7D6 /* Debug */,
				92D94AE62E97A94D008AD7D6 /* Release */,
			);
			defaultConfigurationIsVisible = 0;
			defaultConfigurationName = Release;
		};
		92D94AE72E97A94D008AD7D6 /* Build configuration list for PBXNativeTarget "TransactionsViewerUITests" */ = {
			isa = XCConfigurationList;
			buildConfigurations = (
				92D94AE82E97A94D008AD7D6 /* Debug */,
				92D94AE92E97A94D008AD7D6 /* Release */,
			);
			defaultConfigurationIsVisible = 0;
			defaultConfigurationName = Release;
		};
/* End XCConfigurationList section */
	};
	rootObject = 92D94AAE2E97A94C008AD7D6 /* Project object */;
}
